
Microsoft Visual Studio Solution File, Format Version 12.00
# Visual Studio Version 16
VisualStudioVersion = 16.0.30523.141
MinimumVisualStudioVersion = 10.0.40219.1
Project("{FAE04EC0-301F-11D3-BF4B-00C04F79EFBC}") = "Grpc.Server", "Grpc.Server\Grpc.Server.csproj", "{9BE0E60A-E3F2-4CCC-97BA-F1DC51C49E34}"
EndProject
Project("{FAE04EC0-301F-11D3-BF4B-00C04F79EFBC}") = "Grpc.Client", "Grpc.Client\Grpc.Client.csproj", "{B7453BA9-04FF-4424-891D-82B63EED047D}"
EndProject
Global
	GlobalSection(SolutionConfigurationPlatforms) = preSolution
		Debug|Any CPU = Debug|Any CPU
		Release|Any CPU = Release|Any CPU
	EndGlobalSection
	GlobalSection(ProjectConfigurationPlatforms) = postSolution
		{9BE0E60A-E3F2-4CCC-97BA-F1DC51C49E34}.Debug|Any CPU.ActiveCfg = Debug|Any CPU
		{9BE0E60A-E3F2-4CCC-97BA-F1DC51C49E34}.Debug|Any CPU.Build.0 = Debug|Any CPU
		{9BE0E60A-E3F2-4CCC-97BA-F1DC51C49E34}.Release|Any CPU.ActiveCfg = Release|Any CPU
		{9BE0E60A-E3F2-4CCC-97BA-F1DC51C49E34}.Release|Any CPU.Build.0 = Release|Any CPU
		{B7453BA9-04FF-4424-891D-82B63EED047D}.Debug|Any CPU.ActiveCfg = Debug|Any CPU
		{B7453BA9-04FF-4424-891D-82B63EED047D}.Debug|Any CPU.Build.0 = Debug|Any CPU
		{B7453BA9-04FF-4424-891D-82B63EED047D}.Release|Any CPU.ActiveCfg = Release|Any CPU
		{B7453BA9-04FF-4424-891D-82B63EED047D}.Release|Any CPU.Build.0 = Release|Any CPU
	EndGlobalSection
	GlobalSection(SolutionProperties) = preSolution
		HideSolutionNode = FALSE
	EndGlobalSection
	GlobalSection(ExtensibilityGlobals) = postSolution
		SolutionGuid = {94D5814E-8E4E-4066-9245-FD82C3307AA6}
	EndGlobalSection
EndGlobal
